{
  "nodes": {
    "flake-compat": {
      "flake": false,
      "locked": {
        "lastModified": 1696426674,
        "narHash": "sha256-kvjfFW7WAETZlt09AgDn1MrtKzP7t90Vf7vypd3OL1U=",
        "owner": "edolstra",
        "repo": "flake-compat",
        "rev": "0f9255e01c2351cc7d116c072cb317785dd33b33",
        "type": "github"
      },
      "original": {
        "owner": "edolstra",
        "repo": "flake-compat",
        "type": "github"
      }
    },
    "flake-parts": {
      "inputs": {
        "nixpkgs-lib": "nixpkgs-lib"
      },
      "locked": {
        "lastModified": 1706830856,
        "narHash": "sha256-a0NYyp+h9hlb7ddVz4LUn1vT/PLwqfrWYcHMvFB1xYg=",
        "owner": "hercules-ci",
        "repo": "flake-parts",
        "rev": "b253292d9c0a5ead9bc98c4e9a26c6312e27d69f",
        "type": "github"
      },
      "original": {
        "id": "flake-parts",
        "type": "indirect"
      }
    },
    "flake-utils": {
      "inputs": {
        "systems": "systems"
      },
      "locked": {
        "lastModified": 1705309234,
        "narHash": "sha256-uNRRNRKmJyCRC/8y1RqBkqWBLM034y4qN7EprSdmgyA=",
        "owner": "numtide",
        "repo": "flake-utils",
        "rev": "1ef2e671c3b0c19053962c07dbda38332dcebf26",
        "type": "github"
      },
      "original": {
        "owner": "numtide",
        "repo": "flake-utils",
        "type": "github"
      }
    },
    "hcp-cli": {
      "inputs": {
        "nixpkgs": [
          "nixpkgs"
        ]
      },
      "locked": {
        "lastModified": 1729051446,
        "narHash": "sha256-v0lzjx4nhVCdeP/ZONIGjZ8EcjwTeNUmqTmL9DyN5qs=",
        "owner": "omarcresp",
        "repo": "hcp-cli-flake",
        "rev": "4baee1e29296abd14b3ed308cd9dd8947964fe77",
        "type": "github"
      },
      "original": {
        "owner": "omarcresp",
        "repo": "hcp-cli-flake",
        "type": "github"
      }
    },
    "home-manager": {
      "inputs": {
        "nixpkgs": [
          "nixpkgs"
        ]
      },
      "locked": {
        "lastModified": 1729174520,
        "narHash": "sha256-QxCAdgQdeIOaCiE0Sr23s9lD0+T1b/wuz5pSiGwNrCQ=",
        "owner": "nix-community",
        "repo": "home-manager",
        "rev": "e78cbb20276f09c1802e62d2f77fc93ec32da268",
        "type": "github"
      },
      "original": {
        "owner": "nix-community",
        "ref": "master",
        "repo": "home-manager",
        "type": "github"
      }
    },
    "nixpkgs": {
      "locked": {
        "lastModified": 1729235552,
        "narHash": "sha256-Dgh9dyQ5QUkUkg4lacfy2kf7eYXbiINSEB3i7B2U3a4=",
        "owner": "NixOS",
        "repo": "nixpkgs",
        "rev": "b802be41275e7ae6b394970c757db49a739fd072",
        "type": "github"
      },
      "original": {
        "id": "nixpkgs",
        "ref": "master",
        "type": "indirect"
      }
    },
    "nixpkgs-lib": {
      "locked": {
        "dir": "lib",
        "lastModified": 1706550542,
        "narHash": "sha256-UcsnCG6wx++23yeER4Hg18CXWbgNpqNXcHIo5/1Y+hc=",
        "owner": "NixOS",
        "repo": "nixpkgs",
        "rev": "97b17f32362e475016f942bbdfda4a4a72a8a652",
        "type": "github"
      },
      "original": {
        "dir": "lib",
        "owner": "NixOS",
        "ref": "nixos-unstable",
        "repo": "nixpkgs",
        "type": "github"
      }
    },
    "nixpkgs-stable": {
      "locked": {
        "lastModified": 1729044727,
        "narHash": "sha256-GKJjtPY+SXfLF/yTN7M2cAnQB6RERFKnQhD8UvPSf3M=",
        "owner": "NixOS",
        "repo": "nixpkgs",
        "rev": "dc2e0028d274394f73653c7c90cc63edbb696be1",
        "type": "github"
      },
      "original": {
        "id": "nixpkgs",
        "ref": "nixos-24.05",
        "type": "indirect"
      }
    },
    "root": {
      "inputs": {
        "hcp-cli": "hcp-cli",
        "home-manager": "home-manager",
        "nixpkgs": "nixpkgs",
        "nixpkgs-stable": "nixpkgs-stable",
        "ulauncher": "ulauncher",
        "zen-browser": "zen-browser",
        "zig": "zig"
      }
    },
    "systems": {
      "locked": {
        "lastModified": 1681028828,
        "narHash": "sha256-Vy1rq5AaRuLzOxct8nz4T6wlgyUR7zLU309k9mBC768=",
        "owner": "nix-systems",
        "repo": "default",
        "rev": "da67096a3b9bf56a91d16901293e51ba5b49a27e",
        "type": "github"
      },
      "original": {
        "owner": "nix-systems",
        "repo": "default",
        "type": "github"
      }
    },
    "ulauncher": {
      "inputs": {
        "flake-parts": "flake-parts",
        "nixpkgs": [
          "nixpkgs"
        ]
      },
      "locked": {
        "lastModified": 1728929577,
        "narHash": "sha256-R5FnaOL/vtCGWiVX4taf6vz1eyZys6FwgN0BVgs3Q84=",
        "owner": "Ulauncher",
        "repo": "Ulauncher",
        "rev": "8b19a6094bad5f2b6a424a062f8fc6b903095ca3",
        "type": "github"
      },
      "original": {
        "owner": "Ulauncher",
        "ref": "v6",
        "repo": "Ulauncher",
        "type": "github"
      }
    },
    "zen-browser": {
      "inputs": {
        "nixpkgs": [
          "nixpkgs"
        ]
      },
      "locked": {
        "lastModified": 1729026895,
        "narHash": "sha256-B50PnzOS6+pwQhSxpdi0/iAWP8xqAGrnx+J4lU7BTtM=",
        "owner": "omarcresp",
        "repo": "zen-browser-flake",
        "rev": "ecde6a6bd4eceb24197516dc93efbbcea917b8f7",
        "type": "github"
      },
      "original": {
        "owner": "omarcresp",
        "repo": "zen-browser-flake",
        "type": "github"
      }
    },
    "zig": {
      "inputs": {
        "flake-compat": "flake-compat",
        "flake-utils": "flake-utils",
        "nixpkgs": [
          "nixpkgs"
        ]
      },
      "locked": {
        "lastModified": 1729211368,
        "narHash": "sha256-AXe8rHABlJ0oS89L8vNJs//vjkZKqDpAE1kQc5XX40U=",
        "owner": "mitchellh",
        "repo": "zig-overlay",
        "rev": "9e394110c194a39eb3120845a2d9a1ffaea01394",
        "type": "github"
      },
      "original": {
        "owner": "mitchellh",
        "repo": "zig-overlay",
        "type": "github"
      }
    }
  },
  "root": "root",
  "version": 7
}
